// !$*UTF8*$!
{
	archiveVersion = 1;
	classes = {
	};
	objectVersion = 56;
	objects = {

/* Begin PBXBuildFile section */
		AC5C56AE2C0D04A900D73F6C /* TodosApp.swift in Sources */ = {isa = PBXBuildFile; fileRef = AC5C56AD2C0D04A900D73F6C /* TodosApp.swift */; };
		AC5C56B02C0D04A900D73F6C /* ContentView.swift in Sources */ = {isa = PBXBuildFile; fileRef = AC5C56AF2C0D04A900D73F6C /* ContentView.swift */; };
		AC5C56B42C0D04AA00D73F6C /* Assets.xcassets in Resources */ = {isa = PBXBuildFile; fileRef = AC5C56B32C0D04AA00D73F6C /* Assets.xcassets */; };
		AC5C56B72C0D04AA00D73F6C /* Preview Assets.xcassets in Resources */ = {isa = PBXBuildFile; fileRef = AC5C56B62C0D04AA00D73F6C /* Preview Assets.xcassets */; };
		AC5C56C12C0D04AA00D73F6C /* TodosTests.swift in Sources */ = {isa = PBXBuildFile; fileRef = AC5C56C02C0D04AA00D73F6C /* TodosTests.swift */; };
		AC5C56CB2C0D04AA00D73F6C /* TodosUITests.swift in Sources */ = {isa = PBXBuildFile; fileRef = AC5C56CA2C0D04AA00D73F6C /* TodosUITests.swift */; };
		AC5C56CD2C0D04AA00D73F6C /* TodosUITestsLaunchTests.swift in Sources */ = {isa = PBXBuildFile; fileRef = AC5C56CC2C0D04AA00D73F6C /* TodosUITestsLaunchTests.swift */; };
		AC5C56DA2C0D069300D73F6C /* TaskList.swift in Sources */ = {isa = PBXBuildFile; fileRef = AC5C56D92C0D069300D73F6C /* TaskList.swift */; };
		AC5C56DC2C0D06C700D73F6C /* Task.swift in Sources */ = {isa = PBXBuildFile; fileRef = AC5C56DB2C0D06C700D73F6C /* Task.swift */; };
		AC5C56E42C0D11B800D73F6C /* TaskItem.swift in Sources */ = {isa = PBXBuildFile; fileRef = AC5C56E32C0D11B800D73F6C /* TaskItem.swift */; };
		AC5C56E62C0D181100D73F6C /* AddTaskInput.swift in Sources */ = {isa = PBXBuildFile; fileRef = AC5C56E52C0D181100D73F6C /* AddTaskInput.swift */; };
/* End PBXBuildFile section */

/* Begin PBXContainerItemProxy section */
		AC5C56BD2C0D04AA00D73F6C /* PBXContainerItemProxy */ = {
			isa = PBXContainerItemProxy;
			containerPortal = AC5C56A22C0D04A900D73F6C /* Project object */;
			proxyType = 1;
			remoteGlobalIDString = AC5C56A92C0D04A900D73F6C;
			remoteInfo = Todos;
		};
		AC5C56C72C0D04AA00D73F6C /* PBXContainerItemProxy */ = {
			isa = PBXContainerItemProxy;
			containerPortal = AC5C56A22C0D04A900D73F6C /* Project object */;
			proxyType = 1;
			remoteGlobalIDString = AC5C56A92C0D04A900D73F6C;
			remoteInfo = Todos;
		};
/* End PBXContainerItemProxy section */

/* Begin PBXFileReference section */
		AC5C56AA2C0D04A900D73F6C /* Todos.app */ = {isa = PBXFileReference; explicitFileType = wrapper.application; includeInIndex = 0; path = Todos.app; sourceTree = BUILT_PRODUCTS_DIR; };
		AC5C56AD2C0D04A900D73F6C /* TodosApp.swift */ = {isa = PBXFileReference; lastKnownFileType = sourcecode.swift; path = TodosApp.swift; sourceTree = "<group>"; };
		AC5C56AF2C0D04A900D73F6C /* ContentView.swift */ = {isa = PBXFileReference; lastKnownFileType = sourcecode.swift; path = ContentView.swift; sourceTree = "<group>"; };
		AC5C56B32C0D04AA00D73F6C /* Assets.xcassets */ = {isa = PBXFileReference; lastKnownFileType = folder.assetcatalog; path = Assets.xcassets; sourceTree = "<group>"; };
		AC5C56B62C0D04AA00D73F6C /* Preview Assets.xcassets */ = {isa = PBXFileReference; lastKnownFileType = folder.assetcatalog; path = "Preview Assets.xcassets"; sourceTree = "<group>"; };
		AC5C56BC2C0D04AA00D73F6C /* TodosTests.xctest */ = {isa = PBXFileReference; explicitFileType = wrapper.cfbundle; includeInIndex = 0; path = TodosTests.xctest; sourceTree = BUILT_PRODUCTS_DIR; };
		AC5C56C02C0D04AA00D73F6C /* TodosTests.swift */ = {isa = PBXFileReference; lastKnownFileType = sourcecode.swift; path = TodosTests.swift; sourceTree = "<group>"; };
		AC5C56C62C0D04AA00D73F6C /* TodosUITests.xctest */ = {isa = PBXFileReference; explicitFileType = wrapper.cfbundle; includeInIndex = 0; path = TodosUITests.xctest; sourceTree = BUILT_PRODUCTS_DIR; };
		AC5C56CA2C0D04AA00D73F6C /* TodosUITests.swift */ = {isa = PBXFileReference; lastKnownFileType = sourcecode.swift; path = TodosUITests.swift; sourceTree = "<group>"; };
		AC5C56CC2C0D04AA00D73F6C /* TodosUITestsLaunchTests.swift */ = {isa = PBXFileReference; lastKnownFileType = sourcecode.swift; path = TodosUITestsLaunchTests.swift; sourceTree = "<group>"; };
		AC5C56D92C0D069300D73F6C /* TaskList.swift */ = {isa = PBXFileReference; lastKnownFileType = sourcecode.swift; path = TaskList.swift; sourceTree = "<group>"; };
		AC5C56DB2C0D06C700D73F6C /* Task.swift */ = {isa = PBXFileReference; lastKnownFileType = sourcecode.swift; path = Task.swift; sourceTree = "<group>"; };
		AC5C56E32C0D11B800D73F6C /* TaskItem.swift */ = {isa = PBXFileReference; lastKnownFileType = sourcecode.swift; path = TaskItem.swift; sourceTree = "<group>"; };
		AC5C56E52C0D181100D73F6C /* AddTaskInput.swift */ = {isa = PBXFileReference; lastKnownFileType = sourcecode.swift; path = AddTaskInput.swift; sourceTree = "<group>"; };
/* End PBXFileReference section */

/* Begin PBXFrameworksBuildPhase section */
		AC5C56A72C0D04A900D73F6C /* Frameworks */ = {
			isa = PBXFrameworksBuildPhase;
			buildActionMask = 2147483647;
			files = (
			);
			runOnlyForDeploymentPostprocessing = 0;
		};
		AC5C56B92C0D04AA00D73F6C /* Frameworks */ = {
			isa = PBXFrameworksBuildPhase;
			buildActionMask = 2147483647;
			files = (
			);
			runOnlyForDeploymentPostprocessing = 0;
		};
		AC5C56C32C0D04AA00D73F6C /* Frameworks */ = {
			isa = PBXFrameworksBuildPhase;
			buildActionMask = 2147483647;
			files = (
			);
			runOnlyForDeploymentPostprocessing = 0;
		};
/* End PBXFrameworksBuildPhase section */

/* Begin PBXGroup section */
		AC5C56A12C0D04A900D73F6C = {
			isa = PBXGroup;
			children = (
				AC5C56AC2C0D04A900D73F6C /* Todos */,
				AC5C56BF2C0D04AA00D73F6C /* TodosTests */,
				AC5C56C92C0D04AA00D73F6C /* TodosUITests */,
				AC5C56AB2C0D04A900D73F6C /* Products */,
			);
			sourceTree = "<group>";
		};
		AC5C56AB2C0D04A900D73F6C /* Products */ = {
			isa = PBXGroup;
			children = (
				AC5C56AA2C0D04A900D73F6C /* Todos.app */,
				AC5C56BC2C0D04AA00D73F6C /* TodosTests.xctest */,
				AC5C56C62C0D04AA00D73F6C /* TodosUITests.xctest */,
			);
			name = Products;
			sourceTree = "<group>";
		};
		AC5C56AC2C0D04A900D73F6C /* Todos */ = {
			isa = PBXGroup;
			children = (
				AC5C56AD2C0D04A900D73F6C /* TodosApp.swift */,
				AC5C56AF2C0D04A900D73F6C /* ContentView.swift */,
				AC5C56DE2C0D0AD600D73F6C /* Views */,
				AC5C56B32C0D04AA00D73F6C /* Assets.xcassets */,
				AC5C56B52C0D04AA00D73F6C /* Preview Content */,
				AC5C56DD2C0D06D300D73F6C /* Model */,
			);
			path = Todos;
			sourceTree = "<group>";
		};
		AC5C56B52C0D04AA00D73F6C /* Preview Content */ = {
			isa = PBXGroup;
			children = (
				AC5C56B62C0D04AA00D73F6C /* Preview Assets.xcassets */,
			);
			path = "Preview Content";
			sourceTree = "<group>";
		};
		AC5C56BF2C0D04AA00D73F6C /* TodosTests */ = {
			isa = PBXGroup;
			children = (
				AC5C56C02C0D04AA00D73F6C /* TodosTests.swift */,
			);
			path = TodosTests;
			sourceTree = "<group>";
		};
		AC5C56C92C0D04AA00D73F6C /* TodosUITests */ = {
			isa = PBXGroup;
			children = (
				AC5C56CA2C0D04AA00D73F6C /* TodosUITests.swift */,
				AC5C56CC2C0D04AA00D73F6C /* TodosUITestsLaunchTests.swift */,
			);
			path = TodosUITests;
			sourceTree = "<group>";
		};
		AC5C56DD2C0D06D300D73F6C /* Model */ = {
			isa = PBXGroup;
			children = (
				AC5C56DB2C0D06C700D73F6C /* Task.swift */,
			);
			path = Model;
			sourceTree = "<group>";
		};
		AC5C56DE2C0D0AD600D73F6C /* Views */ = {
			isa = PBXGroup;
			children = (
				AC5C56D92C0D069300D73F6C /* TaskList.swift */,
				AC5C56E32C0D11B800D73F6C /* TaskItem.swift */,
				AC5C56E52C0D181100D73F6C /* AddTaskInput.swift */,
			);
			path = Views;
			sourceTree = "<group>";
		};
/* End PBXGroup section */

/* Begin PBXNativeTarget section */
		AC5C56A92C0D04A900D73F6C /* Todos */ = {
			isa = PBXNativeTarget;
			buildConfigurationList = AC5C56D02C0D04AA00D73F6C /* Build configuration list for PBXNativeTarget "Todos" */;
			buildPhases = (
				AC5C56A62C0D04A900D73F6C /* Sources */,
				AC5C56A72C0D04A900D73F6C /* Frameworks */,
				AC5C56A82C0D04A900D73F6C /* Resources */,
			);
			buildRules = (
			);
			dependencies = (
			);
			name = Todos;
			productName = Todos;
			productReference = AC5C56AA2C0D04A900D73F6C /* Todos.app */;
			productType = "com.apple.product-type.application";
		};
		AC5C56BB2C0D04AA00D73F6C /* TodosTests */ = {
			isa = PBXNativeTarget;
			buildConfigurationList = AC5C56D32C0D04AA00D73F6C /* Build configuration list for PBXNativeTarget "TodosTests" */;
			buildPhases = (
				AC5C56B82C0D04AA00D73F6C /* Sources */,
				AC5C56B92C0D04AA00D73F6C /* Frameworks */,
				AC5C56BA2C0D04AA00D73F6C /* Resources */,
			);
			buildRules = (
			);
			dependencies = (
				AC5C56BE2C0D04AA00D73F6C /* PBXTargetDependency */,
			);
			name = TodosTests;
			productName = TodosTests;
			productReference = AC5C56BC2C0D04AA00D73F6C /* TodosTests.xctest */;
			productType = "com.apple.product-type.bundle.unit-test";
		};
		AC5C56C52C0D04AA00D73F6C /* TodosUITests */ = {
			isa = PBXNativeTarget;
			buildConfigurationList = AC5C56D62C0D04AA00D73F6C /* Build configuration list for PBXNativeTarget "TodosUITests" */;
			buildPhases = (
				AC5C56C22C0D04AA00D73F6C /* Sources */,
				AC5C56C32C0D04AA00D73F6C /* Frameworks */,
				AC5C56C42C0D04AA00D73F6C /* Resources */,
			);
			buildRules = (
			);
			dependencies = (
				AC5C56C82C0D04AA00D73F6C /* PBXTargetDependency */,
			);
			name = TodosUITests;
			productName = TodosUITests;
			productReference = AC5C56C62C0D04AA00D73F6C /* TodosUITests.xctest */;
			productType = "com.apple.product-type.bundle.ui-testing";
		};
/* End PBXNativeTarget section */

/* Begin PBXProject section */
		AC5C56A22C0D04A900D73F6C /* Project object */ = {
			isa = PBXProject;
			attributes = {
				BuildIndependentTargetsInParallel = 1;
				LastSwiftUpdateCheck = 1540;
				LastUpgradeCheck = 1540;
				TargetAttributes = {
					AC5C56A92C0D04A900D73F6C = {
						CreatedOnToolsVersion = 15.4;
					};
					AC5C56BB2C0D04AA00D73F6C = {
						CreatedOnToolsVersion = 15.4;
						TestTargetID = AC5C56A92C0D04A900D73F6C;
					};
					AC5C56C52C0D04AA00D73F6C = {
						CreatedOnToolsVersion = 15.4;
						TestTargetID = AC5C56A92C0D04A900D73F6C;
					};
				};
			};
			buildConfigurationList = AC5C56A52C0D04A900D73F6C /* Build configuration list for PBXProject "Todos" */;
			compatibilityVersion = "Xcode 14.0";
			developmentRegion = en;
			hasScannedForEncodings = 0;
			knownRegions = (
				en,
				Base,
			);
			mainGroup = AC5C56A12C0D04A900D73F6C;
			productRefGroup = AC5C56AB2C0D04A900D73F6C /* Products */;
			projectDirPath = "";
			projectRoot = "";
			targets = (
				AC5C56A92C0D04A900D73F6C /* Todos */,
				AC5C56BB2C0D04AA00D73F6C /* TodosTests */,
				AC5C56C52C0D04AA00D73F6C /* TodosUITests */,
			);
		};
/* End PBXProject section */

/* Begin PBXResourcesBuildPhase section */
		AC5C56A82C0D04A900D73F6C /* Resources */ = {
			isa = PBXResourcesBuildPhase;
			buildActionMask = 2147483647;
			files = (
				AC5C56B72C0D04AA00D73F6C /* Preview Assets.xcassets in Resources */,
				AC5C56B42C0D04AA00D73F6C /* Assets.xcassets in Resources */,
			);
			runOnlyForDeploymentPostprocessing = 0;
		};
		AC5C56BA2C0D04AA00D73F6C /* Resources */ = {
			isa = PBXResourcesBuildPhase;
			buildActionMask = 2147483647;
			files = (
			);
			runOnlyForDeploymentPostprocessing = 0;
		};
		AC5C56C42C0D04AA00D73F6C /* Resources */ = {
			isa = PBXResourcesBuildPhase;
			buildActionMask = 2147483647;
			files = (
			);
			runOnlyForDeploymentPostprocessing = 0;
		};
/* End PBXResourcesBuildPhase section */

/* Begin PBXSourcesBuildPhase section */
		AC5C56A62C0D04A900D73F6C /* Sources */ = {
			isa = PBXSourcesBuildPhase;
			buildActionMask = 2147483647;
			files = (
				AC5C56DA2C0D069300D73F6C /* TaskList.swift in Sources */,
				AC5C56E62C0D181100D73F6C /* AddTaskInput.swift in Sources */,
				AC5C56E42C0D11B800D73F6C /* TaskItem.swift in Sources */,
				AC5C56B02C0D04A900D73F6C /* ContentView.swift in Sources */,
				AC5C56DC2C0D06C700D73F6C /* Task.swift in Sources */,
				AC5C56AE2C0D04A900D73F6C /* TodosApp.swift in Sources */,
			);
			runOnlyForDeploymentPostprocessing = 0;
		};
		AC5C56B82C0D04AA00D73F6C /* Sources */ = {
			isa = PBXSourcesBuildPhase;
			buildActionMask = 2147483647;
			files = (
				AC5C56C12C0D04AA00D73F6C /* TodosTests.swift in Sources */,
			);
			runOnlyForDeploymentPostprocessing = 0;
		};
		AC5C56C22C0D04AA00D73F6C /* Sources */ = {
			isa = PBXSourcesBuildPhase;
			buildActionMask = 2147483647;
			files = (
				AC5C56CD2C0D04AA00D73F6C /* TodosUITestsLaunchTests.swift in Sources */,
				AC5C56CB2C0D04AA00D73F6C /* TodosUITests.swift in Sources */,
			);
			runOnlyForDeploymentPostprocessing = 0;
		};
/* End PBXSourcesBuildPhase section */

/* Begin PBXTargetDependency section */
		AC5C56BE2C0D04AA00D73F6C /* PBXTargetDependency */ = {
			isa = PBXTargetDependency;
			target = AC5C56A92C0D04A900D73F6C /* Todos */;
			targetProxy = AC5C56BD2C0D04AA00D73F6C /* PBXContainerItemProxy */;
		};
		AC5C56C82C0D04AA00D73F6C /* PBXTargetDependency */ = {
			isa = PBXTargetDependency;
			target = AC5C56A92C0D04A900D73F6C /* Todos */;
			targetProxy = AC5C56C72C0D04AA00D73F6C /* PBXContainerItemProxy */;
		};
/* End PBXTargetDependency section */

/* Begin XCBuildConfiguration section */
		AC5C56CE2C0D04AA00D73F6C /* Debug */ = {
			isa = XCBuildConfiguration;
			buildSettings = {
				ALWAYS_SEARCH_USER_PATHS = NO;
				ASSETCATALOG_COMPILER_GENERATE_SWIFT_ASSET_SYMBOL_EXTENSIONS = YES;
				CLANG_ANALYZER_NONNULL = YES;
				CLANG_ANALYZER_NUMBER_OBJECT_CONVERSION = YES_AGGRESSIVE;
				CLANG_CXX_LANGUAGE_STANDARD = "gnu++20";
				CLANG_ENABLE_MODULES = YES;
				CLANG_ENABLE_OBJC_ARC = YES;
				CLANG_ENABLE_OBJC_WEAK = YES;
				CLANG_WARN_BLOCK_CAPTURE_AUTORELEASING = YES;
				CLANG_WARN_BOOL_CONVERSION = YES;
				CLANG_WARN_COMMA = YES;
				CLANG_WARN_CONSTANT_CONVERSION = YES;
				CLANG_WARN_DEPRECATED_OBJC_IMPLEMENTATIONS = YES;
				CLANG_WARN_DIRECT_OBJC_ISA_USAGE = YES_ERROR;
				CLANG_WARN_DOCUMENTATION_COMMENTS = YES;
				CLANG_WARN_EMPTY_BODY = YES;
				CLANG_WARN_ENUM_CONVERSION = YES;
				CLANG_WARN_INFINITE_RECURSION = YES;
				CLANG_WARN_INT_CONVERSION = YES;
				CLANG_WARN_NON_LITERAL_NULL_CONVERSION = YES;
				CLANG_WARN_OBJC_IMPLICIT_RETAIN_SELF = YES;
				CLANG_WARN_OBJC_LITERAL_CONVERSION = YES;
				CLANG_WARN_OBJC_ROOT_CLASS = YES_ERROR;
				CLANG_WARN_QUOTED_INCLUDE_IN_FRAMEWORK_HEADER = YES;
				CLANG_WARN_RANGE_LOOP_ANALYSIS = YES;
				CLANG_WARN_STRICT_PROTOTYPES = YES;
				CLANG_WARN_SUSPICIOUS_MOVE = YES;
				CLANG_WARN_UNGUARDED_AVAILABILITY = YES_AGGRESSIVE;
				CLANG_WARN_UNREACHABLE_CODE = YES;
				CLANG_WARN__DUPLICATE_METHOD_MATCH = YES;
				COPY_PHASE_STRIP = NO;
				DEBUG_INFORMATION_FORMAT = dwarf;
				ENABLE_STRICT_OBJC_MSGSEND = YES;
				ENABLE_TESTABILITY = YES;
				ENABLE_USER_SCRIPT_SANDBOXING = YES;
				GCC_C_LANGUAGE_STANDARD = gnu17;
				GCC_DYNAMIC_NO_PIC = NO;
				GCC_NO_COMMON_BLOCKS = YES;
				GCC_OPTIMIZATION_LEVEL = 0;
				GCC_PREPROCESSOR_DEFINITIONS = (
					"DEBUG=1",
					"$(inherited)",
				);
				GCC_WARN_64_TO_32_BIT_CONVERSION = YES;
				GCC_WARN_ABOUT_RETURN_TYPE = YES_ERROR;
				GCC_WARN_UNDECLARED_SELECTOR = YES;
				GCC_WARN_UNINITIALIZED_AUTOS = YES_AGGRESSIVE;
				GCC_WARN_UNUSED_FUNCTION = YES;
				GCC_WARN_UNUSED_VARIABLE = YES;
				IPHONEOS_DEPLOYMENT_TARGET = 17.5;
				LOCALIZATION_PREFERS_STRING_CATALOGS = YES;
				MTL_ENABLE_DEBUG_INFO = INCLUDE_SOURCE;
				MTL_FAST_MATH = YES;
				ONLY_ACTIVE_ARCH = YES;
				SDKROOT = iphoneos;
				SWIFT_ACTIVE_COMPILATION_CONDITIONS = "DEBUG $(inherited)";
				SWIFT_OPTIMIZATION_LEVEL = "-Onone";
			};
			name = Debug;
		};
		AC5C56CF2C0D04AA00D73F6C /* Release */ = {
			isa = XCBuildConfiguration;
			buildSettings = {
				ALWAYS_SEARCH_USER_PATHS = NO;
				ASSETCATALOG_COMPILER_GENERATE_SWIFT_ASSET_SYMBOL_EXTENSIONS = YES;
				CLANG_ANALYZER_NONNULL = YES;
				CLANG_ANALYZER_NUMBER_OBJECT_CONVERSION = YES_AGGRESSIVE;
				CLANG_CXX_LANGUAGE_STANDARD = "gnu++20";
				CLANG_ENABLE_MODULES = YES;
				CLANG_ENABLE_OBJC_ARC = YES;
				CLANG_ENABLE_OBJC_WEAK = YES;
				CLANG_WARN_BLOCK_CAPTURE_AUTORELEASING = YES;
				CLANG_WARN_BOOL_CONVERSION = YES;
				CLANG_WARN_COMMA = YES;
				CLANG_WARN_CONSTANT_CONVERSION = YES;
				CLANG_WARN_DEPRECATED_OBJC_IMPLEMENTATIONS = YES;
				CLANG_WARN_DIRECT_OBJC_ISA_USAGE = YES_ERROR;
				CLANG_WARN_DOCUMENTATION_COMMENTS = YES;
				CLANG_WARN_EMPTY_BODY = YES;
				CLANG_WARN_ENUM_CONVERSION = YES;
				CLANG_WARN_INFINITE_RECURSION = YES;
				CLANG_WARN_INT_CONVERSION = YES;
				CLANG_WARN_NON_LITERAL_NULL_CONVERSION = YES;
				CLANG_WARN_OBJC_IMPLICIT_RETAIN_SELF = YES;
				CLANG_WARN_OBJC_LITERAL_CONVERSION = YES;
				CLANG_WARN_OBJC_ROOT_CLASS = YES_ERROR;
				CLANG_WARN_QUOTED_INCLUDE_IN_FRAMEWORK_HEADER = YES;
				CLANG_WARN_RANGE_LOOP_ANALYSIS = YES;
				CLANG_WARN_STRICT_PROTOTYPES = YES;
				CLANG_WARN_SUSPICIOUS_MOVE = YES;
				CLANG_WARN_UNGUARDED_AVAILABILITY = YES_AGGRESSIVE;
				CLANG_WARN_UNREACHABLE_CODE = YES;
				CLANG_WARN__DUPLICATE_METHOD_MATCH = YES;
				COPY_PHASE_STRIP = NO;
				DEBUG_INFORMATION_FORMAT = "dwarf-with-dsym";
				ENABLE_NS_ASSERTIONS = NO;
				ENABLE_STRICT_OBJC_MSGSEND = YES;
				ENABLE_USER_SCRIPT_SANDBOXING = YES;
				GCC_C_LANGUAGE_STANDARD = gnu17;
				GCC_NO_COMMON_BLOCKS = YES;
				GCC_WARN_64_TO_32_BIT_CONVERSION = YES;
				GCC_WARN_ABOUT_RETURN_TYPE = YES_ERROR;
				GCC_WARN_UNDECLARED_SELECTOR = YES;
				GCC_WARN_UNINITIALIZED_AUTOS = YES_AGGRESSIVE;
				GCC_WARN_UNUSED_FUNCTION = YES;
				GCC_WARN_UNUSED_VARIABLE = YES;
				IPHONEOS_DEPLOYMENT_TARGET = 17.5;
				LOCALIZATION_PREFERS_STRING_CATALOGS = YES;
				MTL_ENABLE_DEBUG_INFO = NO;
				MTL_FAST_MATH = YES;
				SDKROOT = iphoneos;
				SWIFT_COMPILATION_MODE = wholemodule;
				VALIDATE_PRODUCT = YES;
			};
			name = Release;
		};
		AC5C56D12C0D04AA00D73F6C /* Debug */ = {
			isa = XCBuildConfiguration;
			buildSettings = {
				ASSETCATALOG_COMPILER_APPICON_NAME = AppIcon;
				ASSETCATALOG_COMPILER_GLOBAL_ACCENT_COLOR_NAME = AccentColor;
				CODE_SIGN_STYLE = Automatic;
				CURRENT_PROJECT_VERSION = 1;
				DEVELOPMENT_ASSET_PATHS = "\"Todos/Preview Content\"";
				DEVELOPMENT_TEAM = J8YA4QZ6A5;
				ENABLE_PREVIEWS = YES;
				GENERATE_INFOPLIST_FILE = YES;
				INFOPLIST_KEY_UIApplicationSceneManifest_Generation = YES;
				INFOPLIST_KEY_UIApplicationSupportsIndirectInputEvents = YES;
				INFOPLIST_KEY_UILaunchScreen_Generation = YES;
				INFOPLIST_KEY_UISupportedInterfaceOrientations_iPad = "UIInterfaceOrientationPortrait UIInterfaceOrientationPortraitUpsideDown UIInterfaceOrientationLandscapeLeft UIInterfaceOrientationLandscapeRight";
				INFOPLIST_KEY_UISupportedInterfaceOrientations_iPhone = "UIInterfaceOrientationPortrait UIInterfaceOrientationLandscapeLeft UIInterfaceOrientationLandscapeRight";
				LD_RUNPATH_SEARCH_PATHS = (
					"$(inherited)",
					"@executable_path/Frameworks",
				);
				MARKETING_VERSION = 1.0;
				PRODUCT_BUNDLE_IDENTIFIER = schmitzsven.Todos;
				PRODUCT_NAME = "$(TARGET_NAME)";
				SWIFT_EMIT_LOC_STRINGS = YES;
				SWIFT_VERSION = 5.0;
				TARGETED_DEVICE_FAMILY = "1,2";
			};
			name = Debug;
		};
		AC5C56D22C0D04AA00D73F6C /* Release */ = {
			isa = XCBuildConfiguration;
			buildSettings = {
				ASSETCATALOG_COMPILER_APPICON_NAME = AppIcon;
				ASSETCATALOG_COMPILER_GLOBAL_ACCENT_COLOR_NAME = AccentColor;
				CODE_SIGN_STYLE = Automatic;
				CURRENT_PROJECT_VERSION = 1;
				DEVELOPMENT_ASSET_PATHS = "\"Todos/Preview Content\"";
				DEVELOPMENT_TEAM = J8YA4QZ6A5;
				ENABLE_PREVIEWS = YES;
				GENERATE_INFOPLIST_FILE = YES;
				INFOPLIST_KEY_UIApplicationSceneManifest_Generation = YES;
				INFOPLIST_KEY_UIApplicationSupportsIndirectInputEvents = YES;
				INFOPLIST_KEY_UILaunchScreen_Generation = YES;
				INFOPLIST_KEY_UISupportedInterfaceOrientations_iPad = "UIInterfaceOrientationPortrait UIInterfaceOrientationPortraitUpsideDown UIInterfaceOrientationLandscapeLeft UIInterfaceOrientationLandscapeRight";
				INFOPLIST_KEY_UISupportedInterfaceOrientations_iPhone = "UIInterfaceOrientationPortrait UIInterfaceOrientationLandscapeLeft UIInterfaceOrientationLandscapeRight";
				LD_RUNPATH_SEARCH_PATHS = (
					"$(inherited)",
					"@executable_path/Frameworks",
				);
				MARKETING_VERSION = 1.0;
				PRODUCT_BUNDLE_IDENTIFIER = schmitzsven.Todos;
				PRODUCT_NAME = "$(TARGET_NAME)";
				SWIFT_EMIT_LOC_STRINGS = YES;
				SWIFT_VERSION = 5.0;
				TARGETED_DEVICE_FAMILY = "1,2";
			};
			name = Release;
		};
		AC5C56D42C0D04AA00D73F6C /* Debug */ = {
			isa = XCBuildConfiguration;
			buildSettings = {
				ALWAYS_EMBED_SWIFT_STANDARD_LIBRARIES = YES;
				BUNDLE_LOADER = "$(TEST_HOST)";
				CODE_SIGN_STYLE = Automatic;
				CURRENT_PROJECT_VERSION = 1;
				DEVELOPMENT_TEAM = J8YA4QZ6A5;
				GENERATE_INFOPLIST_FILE = YES;
				IPHONEOS_DEPLOYMENT_TARGET = 17.5;
				MARKETING_VERSION = 1.0;
				PRODUCT_BUNDLE_IDENTIFIER = schmitzsven.TodosTests;
				PRODUCT_NAME = "$(TARGET_NAME)";
				SWIFT_EMIT_LOC_STRINGS = NO;
				SWIFT_VERSION = 5.0;
				TARGETED_DEVICE_FAMILY = "1,2";
				TEST_HOST = "$(BUILT_PRODUCTS_DIR)/Todos.app/$(BUNDLE_EXECUTABLE_FOLDER_PATH)/Todos";
			};
			name = Debug;
		};
		AC5C56D52C0D04AA00D73F6C /* Release */ = {
			isa = XCBuildConfiguration;
			buildSettings = {
				ALWAYS_EMBED_SWIFT_STANDARD_LIBRARIES = YES;
				BUNDLE_LOADER = "$(TEST_HOST)";
				CODE_SIGN_STYLE = Automatic;
				CURRENT_PROJECT_VERSION = 1;
				DEVELOPMENT_TEAM = J8YA4QZ6A5;
				GENERATE_INFOPLIST_FILE = YES;
				IPHONEOS_DEPLOYMENT_TARGET = 17.5;
				MARKETING_VERSION = 1.0;
				PRODUCT_BUNDLE_IDENTIFIER = schmitzsven.TodosTests;
				PRODUCT_NAME = "$(TARGET_NAME)";
				SWIFT_EMIT_LOC_STRINGS = NO;
				SWIFT_VERSION = 5.0;
				TARGETED_DEVICE_FAMILY = "1,2";
				TEST_HOST = "$(BUILT_PRODUCTS_DIR)/Todos.app/$(BUNDLE_EXECUTABLE_FOLDER_PATH)/Todos";
			};
			name = Release;
		};
		AC5C56D72C0D04AA00D73F6C /* Debug */ = {
			isa = XCBuildConfiguration;
			buildSettings = {
				ALWAYS_EMBED_SWIFT_STANDARD_LIBRARIES = YES;
				CODE_SIGN_STYLE = Automatic;
				CURRENT_PROJECT_VERSION = 1;
				DEVELOPMENT_TEAM = J8YA4QZ6A5;
				GENERATE_INFOPLIST_FILE = YES;
				MARKETING_VERSION = 1.0;
				PRODUCT_BUNDLE_IDENTIFIER = schmitzsven.TodosUITests;
				PRODUCT_NAME = "$(TARGET_NAME)";
				SWIFT_EMIT_LOC_STRINGS = NO;
				SWIFT_VERSION = 5.0;
				TARGETED_DEVICE_FAMILY = "1,2";
				TEST_TARGET_NAME = Todos;
			};
			name = Debug;
		};
		AC5C56D82C0D04AA00D73F6C /* Release */ = {
			isa = XCBuildConfiguration;
			buildSettings = {
				ALWAYS_EMBED_SWIFT_STANDARD_LIBRARIES = YES;
				CODE_SIGN_STYLE = Automatic;
				CURRENT_PROJECT_VERSION = 1;
				DEVELOPMENT_TEAM = J8YA4QZ6A5;
				GENERATE_INFOPLIST_FILE = YES;
				MARKETING_VERSION = 1.0;
				PRODUCT_BUNDLE_IDENTIFIER = schmitzsven.TodosUITests;
				PRODUCT_NAME = "$(TARGET_NAME)";
				SWIFT_EMIT_LOC_STRINGS = NO;
				SWIFT_VERSION = 5.0;
				TARGETED_DEVICE_FAMILY = "1,2";
				TEST_TARGET_NAME = Todos;
			};
			name = Release;
		};
/* End XCBuildConfiguration section */

/* Begin XCConfigurationList section */
		AC5C56A52C0D04A900D73F6C /* Build configuration list for PBXProject "Todos" */ = {
			isa = XCConfigurationList;
			buildConfigurations = (
				AC5C56CE2C0D04AA00D73F6C /* Debug */,
				AC5C56CF2C0D04AA00D73F6C /* Release */,
			);
			defaultConfigurationIsVisible = 0;
			defaultConfigurationName = Release;
		};
		AC5C56D02C0D04AA00D73F6C /* Build configuration list for PBXNativeTarget "Todos" */ = {
			isa = XCConfigurationList;
			buildConfigurations = (
				AC5C56D12C0D04AA00D73F6C /* Debug */,
				AC5C56D22C0D04AA00D73F6C /* Release */,
			);
			defaultConfigurationIsVisible = 0;
			defaultConfigurationName = Release;
		};
		AC5C56D32C0D04AA00D73F6C /* Build configuration list for PBXNativeTarget "TodosTests" */ = {
			isa = XCConfigurationList;
			buildConfigurations = (
				AC5C56D42C0D04AA00D73F6C /* Debug */,
				AC5C56D52C0D04AA00D73F6C /* Release */,
			);
			defaultConfigurationIsVisible = 0;
			defaultConfigurationName = Release;
		};
		AC5C56D62C0D04AA00D73F6C /* Build configuration list for PBXNativeTarget "TodosUITests" */ = {
			isa = XCConfigurationList;
			buildConfigurations = (
				AC5C56D72C0D04AA00D73F6C /* Debug */,
				AC5C56D82C0D04AA00D73F6C /* Release */,
			);
			defaultConfigurationIsVisible = 0;
			defaultConfigurationName = Release;
		};
/* End XCConfigurationList section */
	};
	rootObject = AC5C56A22C0D04A900D73F6C /* Project object */;
}
